
Microsoft Visual Studio Solution File, Format Version 12.00
# Visual Studio 15
VisualStudioVersion = 15.0.28307.779
MinimumVisualStudioVersion = 10.0.40219.1
Project("{FAE04EC0-301F-11D3-BF4B-00C04F79EFBC}") = "NewsSearch", "NewsSearch\NewsSearch.csproj", "{C9010F86-CE16-4B93-A7F0-8E8BACBBEAB5}"
EndProject
Project("{FAE04EC0-301F-11D3-BF4B-00C04F79EFBC}") = "NewsSearch.Test", "NewsSearch.Test\NewsSearch.Test.csproj", "{9C441272-87DC-40E0-9685-FC64FEE32143}"
EndProject
Global
	GlobalSection(SolutionConfigurationPlatforms) = preSolution
		Debug|Any CPU = Debug|Any CPU
		Release|Any CPU = Release|Any CPU
	EndGlobalSection
	GlobalSection(ProjectConfigurationPlatforms) = postSolution
		{C9010F86-CE16-4B93-A7F0-8E8BACBBEAB5}.Debug|Any CPU.ActiveCfg = Debug|Any CPU
		{C9010F86-CE16-4B93-A7F0-8E8BACBBEAB5}.Debug|Any CPU.Build.0 = Debug|Any CPU
		{C9010F86-CE16-4B93-A7F0-8E8BACBBEAB5}.Release|Any CPU.ActiveCfg = Release|Any CPU
		{C9010F86-CE16-4B93-A7F0-8E8BACBBEAB5}.Release|Any CPU.Build.0 = Release|Any CPU
		{9C441272-87DC-40E0-9685-FC64FEE32143}.Debug|Any CPU.ActiveCfg = Debug|Any CPU
		{9C441272-87DC-40E0-9685-FC64FEE32143}.Debug|Any CPU.Build.0 = Debug|Any CPU
		{9C441272-87DC-40E0-9685-FC64FEE32143}.Release|Any CPU.ActiveCfg = Release|Any CPU
		{9C441272-87DC-40E0-9685-FC64FEE32143}.Release|Any CPU.Build.0 = Release|Any CPU
	EndGlobalSection
	GlobalSection(SolutionProperties) = preSolution
		HideSolutionNode = FALSE
	EndGlobalSection
	GlobalSection(ExtensibilityGlobals) = postSolution
		SolutionGuid = {B3EAA626-CD14-45E9-AFB9-BBF8917B6834}
	EndGlobalSection
EndGlobal
